
Microsoft Visual Studio Solution File, Format Version 12.00
# Visual Studio 14
VisualStudioVersion = 14.0.25420.1
MinimumVisualStudioVersion = 10.0.40219.1
Project("{FAE04EC0-301F-11D3-BF4B-00C04F79EFBC}") = "OSIM.Core", "OSIM.Core\OSIM.Core.csproj", "{DE9DE54A-F18B-4A6A-BBDA-B32DBE709C56}"
EndProject
Project("{FAE04EC0-301F-11D3-BF4B-00C04F79EFBC}") = "OSIM.UnitTests", "OSIM.UnitTests\OSIM.UnitTests.csproj", "{D37D7090-AC92-4084-845E-E1A201CA9336}"
EndProject
Project("{FAE04EC0-301F-11D3-BF4B-00C04F79EFBC}") = "OSIM.IntegrationTests", "OSIM.IntegrationTests\OSIM.IntegrationTests.csproj", "{520031C0-05BE-4812-9670-A4094961E4FE}"
EndProject
Project("{FAE04EC0-301F-11D3-BF4B-00C04F79EFBC}") = "OSIM.ExternalServices", "OSIM.ExternalServices\OSIM.ExternalServices.csproj", "{31EF6AB5-6B26-4B98-BB4D-BF7B6C2424D6}"
EndProject
Project("{FAE04EC0-301F-11D3-BF4B-00C04F79EFBC}") = "OSIM.WinClient", "OSIM.WinClient\OSIM.WinClient.csproj", "{7572D84D-6BC5-4C9F-AD60-1793AC753F5A}"
EndProject
Project("{FAE04EC0-301F-11D3-BF4B-00C04F79EFBC}") = "OSIM.WebClient", "OSIM.WebClient\OSIM.WebClient.csproj", "{13162352-FBD5-4D07-82CA-AA0527651B2C}"
EndProject
Global
	GlobalSection(SolutionConfigurationPlatforms) = preSolution
		Debug|Any CPU = Debug|Any CPU
		Release|Any CPU = Release|Any CPU
	EndGlobalSection
	GlobalSection(ProjectConfigurationPlatforms) = postSolution
		{DE9DE54A-F18B-4A6A-BBDA-B32DBE709C56}.Debug|Any CPU.ActiveCfg = Debug|Any CPU
		{DE9DE54A-F18B-4A6A-BBDA-B32DBE709C56}.Debug|Any CPU.Build.0 = Debug|Any CPU
		{DE9DE54A-F18B-4A6A-BBDA-B32DBE709C56}.Release|Any CPU.ActiveCfg = Release|Any CPU
		{DE9DE54A-F18B-4A6A-BBDA-B32DBE709C56}.Release|Any CPU.Build.0 = Release|Any CPU
		{D37D7090-AC92-4084-845E-E1A201CA9336}.Debug|Any CPU.ActiveCfg = Debug|Any CPU
		{D37D7090-AC92-4084-845E-E1A201CA9336}.Debug|Any CPU.Build.0 = Debug|Any CPU
		{D37D7090-AC92-4084-845E-E1A201CA9336}.Release|Any CPU.ActiveCfg = Release|Any CPU
		{D37D7090-AC92-4084-845E-E1A201CA9336}.Release|Any CPU.Build.0 = Release|Any CPU
		{520031C0-05BE-4812-9670-A4094961E4FE}.Debug|Any CPU.ActiveCfg = Debug|Any CPU
		{520031C0-05BE-4812-9670-A4094961E4FE}.Debug|Any CPU.Build.0 = Debug|Any CPU
		{520031C0-05BE-4812-9670-A4094961E4FE}.Release|Any CPU.ActiveCfg = Release|Any CPU
		{520031C0-05BE-4812-9670-A4094961E4FE}.Release|Any CPU.Build.0 = Release|Any CPU
		{31EF6AB5-6B26-4B98-BB4D-BF7B6C2424D6}.Debug|Any CPU.ActiveCfg = Debug|Any CPU
		{31EF6AB5-6B26-4B98-BB4D-BF7B6C2424D6}.Debug|Any CPU.Build.0 = Debug|Any CPU
		{31EF6AB5-6B26-4B98-BB4D-BF7B6C2424D6}.Release|Any CPU.ActiveCfg = Release|Any CPU
		{31EF6AB5-6B26-4B98-BB4D-BF7B6C2424D6}.Release|Any CPU.Build.0 = Release|Any CPU
		{7572D84D-6BC5-4C9F-AD60-1793AC753F5A}.Debug|Any CPU.ActiveCfg = Debug|Any CPU
		{7572D84D-6BC5-4C9F-AD60-1793AC753F5A}.Debug|Any CPU.Build.0 = Debug|Any CPU
		{7572D84D-6BC5-4C9F-AD60-1793AC753F5A}.Release|Any CPU.ActiveCfg = Release|Any CPU
		{7572D84D-6BC5-4C9F-AD60-1793AC753F5A}.Release|Any CPU.Build.0 = Release|Any CPU
		{13162352-FBD5-4D07-82CA-AA0527651B2C}.Debug|Any CPU.ActiveCfg = Debug|Any CPU
		{13162352-FBD5-4D07-82CA-AA0527651B2C}.Debug|Any CPU.Build.0 = Debug|Any CPU
		{13162352-FBD5-4D07-82CA-AA0527651B2C}.Release|Any CPU.ActiveCfg = Release|Any CPU
		{13162352-FBD5-4D07-82CA-AA0527651B2C}.Release|Any CPU.Build.0 = Release|Any CPU
	EndGlobalSection
	GlobalSection(SolutionProperties) = preSolution
		HideSolutionNode = FALSE
	EndGlobalSection
EndGlobal
